// !$*UTF8*$!
{
	archiveVersion = 1;
	classes = {
	};
	objectVersion = 50;
	objects = {

/* Begin PBXBuildFile section */
		F89CF12D2227DAFB0058CF09 /* AppDelegate.swift in Sources */ = {isa = PBXBuildFile; fileRef = F89CF12C2227DAFB0058CF09 /* AppDelegate.swift */; };
		F89CF1322227DAFB0058CF09 /* Main.storyboard in Resources */ = {isa = PBXBuildFile; fileRef = F89CF1302227DAFB0058CF09 /* Main.storyboard */; };
		F89CF1342227DAFC0058CF09 /* Assets.xcassets in Resources */ = {isa = PBXBuildFile; fileRef = F89CF1332227DAFC0058CF09 /* Assets.xcassets */; };
		F89CF1372227DAFC0058CF09 /* LaunchScreen.storyboard in Resources */ = {isa = PBXBuildFile; fileRef = F89CF1352227DAFC0058CF09 /* LaunchScreen.storyboard */; };
		F89CF1422227DB340058CF09 /* HKDragButton.swift in Sources */ = {isa = PBXBuildFile; fileRef = F89CF13F2227DB330058CF09 /* HKDragButton.swift */; };
		F89CF1432227DB340058CF09 /* HKTabBar.swift in Sources */ = {isa = PBXBuildFile; fileRef = F89CF1402227DB340058CF09 /* HKTabBar.swift */; };
		F89CF1442227DB340058CF09 /* HKTabBarItem.swift in Sources */ = {isa = PBXBuildFile; fileRef = F89CF1412227DB340058CF09 /* HKTabBarItem.swift */; };
		F89CF1462227DBDB0058CF09 /* TestTabBarViewController.swift in Sources */ = {isa = PBXBuildFile; fileRef = F89CF1452227DBDB0058CF09 /* TestTabBarViewController.swift */; };
/* End PBXBuildFile section */

/* Begin PBXFileReference section */
		F89CF1292227DAFB0058CF09 /* HKTabBarDemo.app */ = {isa = PBXFileReference; explicitFileType = wrapper.application; includeInIndex = 0; path = HKTabBarDemo.app; sourceTree = BUILT_PRODUCTS_DIR; };
		F89CF12C2227DAFB0058CF09 /* AppDelegate.swift */ = {isa = PBXFileReference; lastKnownFileType = sourcecode.swift; path = AppDelegate.swift; sourceTree = "<group>"; };
		F89CF1312227DAFB0058CF09 /* Base */ = {isa = PBXFileReference; lastKnownFileType = file.storyboard; name = Base; path = Base.lproj/Main.storyboard; sourceTree = "<group>"; };
		F89CF1332227DAFC0058CF09 /* Assets.xcassets */ = {isa = PBXFileReference; lastKnownFileType = folder.assetcatalog; path = Assets.xcassets; sourceTree = "<group>"; };
		F89CF1362227DAFC0058CF09 /* Base */ = {isa = PBXFileReference; lastKnownFileType = file.storyboard; name = Base; path = Base.lproj/LaunchScreen.storyboard; sourceTree = "<group>"; };
		F89CF1382227DAFC0058CF09 /* Info.plist */ = {isa = PBXFileReference; lastKnownFileType = text.plist.xml; path = Info.plist; sourceTree = "<group>"; };
		F89CF13F2227DB330058CF09 /* HKDragButton.swift */ = {isa = PBXFileReference; fileEncoding = 4; lastKnownFileType = sourcecode.swift; path = HKDragButton.swift; sourceTree = "<group>"; };
		F89CF1402227DB340058CF09 /* HKTabBar.swift */ = {isa = PBXFileReference; fileEncoding = 4; lastKnownFileType = sourcecode.swift; path = HKTabBar.swift; sourceTree = "<group>"; };
		F89CF1412227DB340058CF09 /* HKTabBarItem.swift */ = {isa = PBXFileReference; fileEncoding = 4; lastKnownFileType = sourcecode.swift; path = HKTabBarItem.swift; sourceTree = "<group>"; };
		F89CF1452227DBDB0058CF09 /* TestTabBarViewController.swift */ = {isa = PBXFileReference; lastKnownFileType = sourcecode.swift; path = TestTabBarViewController.swift; sourceTree = "<group>"; };
/* End PBXFileReference section */

/* Begin PBXFrameworksBuildPhase section */
		F89CF1262227DAFB0058CF09 /* Frameworks */ = {
			isa = PBXFrameworksBuildPhase;
			buildActionMask = 2147483647;
			files = (
			);
			runOnlyForDeploymentPostprocessing = 0;
		};
/* End PBXFrameworksBuildPhase section */

/* Begin PBXGroup section */
		F89CF1202227DAFB0058CF09 = {
			isa = PBXGroup;
			children = (
				F89CF12B2227DAFB0058CF09 /* HKTabBarDemo */,
				F89CF12A2227DAFB0058CF09 /* Products */,
			);
			sourceTree = "<group>";
		};
		F89CF12A2227DAFB0058CF09 /* Products */ = {
			isa = PBXGroup;
			children = (
				F89CF1292227DAFB0058CF09 /* HKTabBarDemo.app */,
			);
			name = Products;
			sourceTree = "<group>";
		};
		F89CF12B2227DAFB0058CF09 /* HKTabBarDemo */ = {
			isa = PBXGroup;
			children = (
				F89CF13E2227DB1B0058CF09 /* HKTabBar */,
				F89CF12C2227DAFB0058CF09 /* AppDelegate.swift */,
				F89CF1452227DBDB0058CF09 /* TestTabBarViewController.swift */,
				F89CF1302227DAFB0058CF09 /* Main.storyboard */,
				F89CF1332227DAFC0058CF09 /* Assets.xcassets */,
				F89CF1352227DAFC0058CF09 /* LaunchScreen.storyboard */,
				F89CF1382227DAFC0058CF09 /* Info.plist */,
			);
			path = HKTabBarDemo;
			sourceTree = "<group>";
		};
		F89CF13E2227DB1B0058CF09 /* HKTabBar */ = {
			isa = PBXGroup;
			children = (
				F89CF13F2227DB330058CF09 /* HKDragButton.swift */,
				F89CF1402227DB340058CF09 /* HKTabBar.swift */,
				F89CF1412227DB340058CF09 /* HKTabBarItem.swift */,
			);
			name = HKTabBar;
			path = ../HKTabBar;
			sourceTree = "<group>";
		};
/* End PBXGroup section */

/* Begin PBXNativeTarget section */
		F89CF1282227DAFB0058CF09 /* HKTabBarDemo */ = {
			isa = PBXNativeTarget;
			buildConfigurationList = F89CF13B2227DAFC0058CF09 /* Build configuration list for PBXNativeTarget "HKTabBarDemo" */;
			buildPhases = (
				F89CF1252227DAFB0058CF09 /* Sources */,
				F89CF1262227DAFB0058CF09 /* Frameworks */,
				F89CF1272227DAFB0058CF09 /* Resources */,
			);
			buildRules = (
			);
			dependencies = (
			);
			name = HKTabBarDemo;
			productName = HKTabBarDemo;
			productReference = F89CF1292227DAFB0058CF09 /* HKTabBarDemo.app */;
			productType = "com.apple.product-type.application";
		};
/* End PBXNativeTarget section */

/* Begin PBXProject section */
		F89CF1212227DAFB0058CF09 /* Project object */ = {
			isa = PBXProject;
			attributes = {
				LastSwiftUpdateCheck = 0930;
				LastUpgradeCheck = 0930;
				ORGANIZATIONNAME = Heikki;
				TargetAttributes = {
					F89CF1282227DAFB0058CF09 = {
						CreatedOnToolsVersion = 9.3;
					};
				};
			};
			buildConfigurationList = F89CF1242227DAFB0058CF09 /* Build configuration list for PBXProject "HKTabBarDemo" */;
			compatibilityVersion = "Xcode 9.3";
			developmentRegion = en;
			hasScannedForEncodings = 0;
			knownRegions = (
				en,
				Base,
			);
			mainGroup = F89CF1202227DAFB0058CF09;
			productRefGroup = F89CF12A2227DAFB0058CF09 /* Products */;
			projectDirPath = "";
			projectRoot = "";
			targets = (
				F89CF1282227DAFB0058CF09 /* HKTabBarDemo */,
			);
		};
/* End PBXProject section */

/* Begin PBXResourcesBuildPhase section */
		F89CF1272227DAFB0058CF09 /* Resources */ = {
			isa = PBXResourcesBuildPhase;
			buildActionMask = 2147483647;
			files = (
				F89CF1372227DAFC0058CF09 /* LaunchScreen.storyboard in Resources */,
				F89CF1342227DAFC0058CF09 /* Assets.xcassets in Resources */,
				F89CF1322227DAFB0058CF09 /* Main.storyboard in Resources */,
			);
			runOnlyForDeploymentPostprocessing = 0;
		};
/* End PBXResourcesBuildPhase section */

/* Begin PBXSourcesBuildPhase section */
		F89CF1252227DAFB0058CF09 /* Sources */ = {
			isa = PBXSourcesBuildPhase;
			buildActionMask = 2147483647;
			files = (
				F89CF1442227DB340058CF09 /* HKTabBarItem.swift in Sources */,
				F89CF1432227DB340058CF09 /* HKTabBar.swift in Sources */,
				F89CF12D2227DAFB0058CF09 /* AppDelegate.swift in Sources */,
				F89CF1462227DBDB0058CF09 /* TestTabBarViewController.swift in Sources */,
				F89CF1422227DB340058CF09 /* HKDragButton.swift in Sources */,
			);
			runOnlyForDeploymentPostprocessing = 0;
		};
/* End PBXSourcesBuildPhase section */

/* Begin PBXVariantGroup section */
		F89CF1302227DAFB0058CF09 /* Main.storyboard */ = {
			isa = PBXVariantGroup;
			children = (
				F89CF1312227DAFB0058CF09 /* Base */,
			);
			name = Main.storyboard;
			sourceTree = "<group>";
		};
		F89CF1352227DAFC0058CF09 /* LaunchScreen.storyboard */ = {
			isa = PBXVariantGroup;
			children = (
				F89CF1362227DAFC0058CF09 /* Base */,
			);
			name = LaunchScreen.storyboard;
			sourceTree = "<group>";
		};
/* End PBXVariantGroup section */

/* Begin XCBuildConfiguration section */
		F89CF1392227DAFC0058CF09 /* Debug */ = {
			isa = XCBuildConfiguration;
			buildSettings = {
				ALWAYS_SEARCH_USER_PATHS = NO;
				CLANG_ANALYZER_NONNULL = YES;
				CLANG_ANALYZER_NUMBER_OBJECT_CONVERSION = YES_AGGRESSIVE;
				CLANG_CXX_LANGUAGE_STANDARD = "gnu++14";
				CLANG_CXX_LIBRARY = "libc++";
				CLANG_ENABLE_MODULES = YES;
				CLANG_ENABLE_OBJC_ARC = YES;
				CLANG_ENABLE_OBJC_WEAK = YES;
				CLANG_WARN_BLOCK_CAPTURE_AUTORELEASING = YES;
				CLANG_WARN_BOOL_CONVERSION = YES;
				CLANG_WARN_COMMA = YES;
				CLANG_WARN_CONSTANT_CONVERSION = YES;
				CLANG_WARN_DEPRECATED_OBJC_IMPLEMENTATIONS = YES;
				CLANG_WARN_DIRECT_OBJC_ISA_USAGE = YES_ERROR;
				CLANG_WARN_DOCUMENTATION_COMMENTS = YES;
				CLANG_WARN_EMPTY_BODY = YES;
				CLANG_WARN_ENUM_CONVERSION = YES;
				CLANG_WARN_INFINITE_RECURSION = YES;
				CLANG_WARN_INT_CONVERSION = YES;
				CLANG_WARN_NON_LITERAL_NULL_CONVERSION = YES;
				CLANG_WARN_OBJC_IMPLICIT_RETAIN_SELF = YES;
				CLANG_WARN_OBJC_LITERAL_CONVERSION = YES;
				CLANG_WARN_OBJC_ROOT_CLASS = YES_ERROR;
				CLANG_WARN_RANGE_LOOP_ANALYSIS = YES;
				CLANG_WARN_STRICT_PROTOTYPES = YES;
				CLANG_WARN_SUSPICIOUS_MOVE = YES;
				CLANG_WARN_UNGUARDED_AVAILABILITY = YES_AGGRESSIVE;
				CLANG_WARN_UNREACHABLE_CODE = YES;
				CLANG_WARN__DUPLICATE_METHOD_MATCH = YES;
				CODE_SIGN_IDENTITY = "iPhone Developer";
				COPY_PHASE_STRIP = NO;
				DEBUG_INFORMATION_FORMAT = dwarf;
				ENABLE_STRICT_OBJC_MSGSEND = YES;
				ENABLE_TESTABILITY = YES;
				GCC_C_LANGUAGE_STANDARD = gnu11;
				GCC_DYNAMIC_NO_PIC = NO;
				GCC_NO_COMMON_BLOCKS = YES;
				GCC_OPTIMIZATION_LEVEL = 0;
				GCC_PREPROCESSOR_DEFINITIONS = (
					"DEBUG=1",
					"$(inherited)",
				);
				GCC_WARN_64_TO_32_BIT_CONVERSION = YES;
				GCC_WARN_ABOUT_RETURN_TYPE = YES_ERROR;
				GCC_WARN_UNDECLARED_SELECTOR = YES;
				GCC_WARN_UNINITIALIZED_AUTOS = YES_AGGRESSIVE;
				GCC_WARN_UNUSED_FUNCTION = YES;
				GCC_WARN_UNUSED_VARIABLE = YES;
				IPHONEOS_DEPLOYMENT_TARGET = 11.3;
				MTL_ENABLE_DEBUG_INFO = YES;
				ONLY_ACTIVE_ARCH = YES;
				SDKROOT = iphoneos;
				SWIFT_ACTIVE_COMPILATION_CONDITIONS = DEBUG;
				SWIFT_OPTIMIZATION_LEVEL = "-Onone";
			};
			name = Debug;
		};
		F89CF13A2227DAFC0058CF09 /* Release */ = {
			isa = XCBuildConfiguration;
			buildSettings = {
				ALWAYS_SEARCH_USER_PATHS = NO;
				CLANG_ANALYZER_NONNULL = YES;
				CLANG_ANALYZER_NUMBER_OBJECT_CONVERSION = YES_AGGRESSIVE;
				CLANG_CXX_LANGUAGE_STANDARD = "gnu++14";
				CLANG_CXX_LIBRARY = "libc++";
				CLANG_ENABLE_MODULES = YES;
				CLANG_ENABLE_OBJC_ARC = YES;
				CLANG_ENABLE_OBJC_WEAK = YES;
				CLANG_WARN_BLOCK_CAPTURE_AUTORELEASING = YES;
				CLANG_WARN_BOOL_CONVERSION = YES;
				CLANG_WARN_COMMA = YES;
				CLANG_WARN_CONSTANT_CONVERSION = YES;
				CLANG_WARN_DEPRECATED_OBJC_IMPLEMENTATIONS = YES;
				CLANG_WARN_DIRECT_OBJC_ISA_USAGE = YES_ERROR;
				CLANG_WARN_DOCUMENTATION_COMMENTS = YES;
				CLANG_WARN_EMPTY_BODY = YES;
				CLANG_WARN_ENUM_CONVERSION = YES;
				CLANG_WARN_INFINITE_RECURSION = YES;
				CLANG_WARN_INT_CONVERSION = YES;
				CLANG_WARN_NON_LITERAL_NULL_CONVERSION = YES;
				CLANG_WARN_OBJC_IMPLICIT_RETAIN_SELF = YES;
				CLANG_WARN_OBJC_LITERAL_CONVERSION = YES;
				CLANG_WARN_OBJC_ROOT_CLASS = YES_ERROR;
				CLANG_WARN_RANGE_LOOP_ANALYSIS = YES;
				CLANG_WARN_STRICT_PROTOTYPES = YES;
				CLANG_WARN_SUSPICIOUS_MOVE = YES;
				CLANG_WARN_UNGUARDED_AVAILABILITY = YES_AGGRESSIVE;
				CLANG_WARN_UNREACHABLE_CODE = YES;
				CLANG_WARN__DUPLICATE_METHOD_MATCH = YES;
				CODE_SIGN_IDENTITY = "iPhone Developer";
				COPY_PHASE_STRIP = NO;
				DEBUG_INFORMATION_FORMAT = "dwarf-with-dsym";
				ENABLE_NS_ASSERTIONS = NO;
				ENABLE_STRICT_OBJC_MSGSEND = YES;
				GCC_C_LANGUAGE_STANDARD = gnu11;
				GCC_NO_COMMON_BLOCKS = YES;
				GCC_WARN_64_TO_32_BIT_CONVERSION = YES;
				GCC_WARN_ABOUT_RETURN_TYPE = YES_ERROR;
				GCC_WARN_UNDECLARED_SELECTOR = YES;
				GCC_WARN_UNINITIALIZED_AUTOS = YES_AGGRESSIVE;
				GCC_WARN_UNUSED_FUNCTION = YES;
				GCC_WARN_UNUSED_VARIABLE = YES;
				IPHONEOS_DEPLOYMENT_TARGET = 11.3;
				MTL_ENABLE_DEBUG_INFO = NO;
				SDKROOT = iphoneos;
				SWIFT_COMPILATION_MODE = wholemodule;
				SWIFT_OPTIMIZATION_LEVEL = "-O";
				VALIDATE_PRODUCT = YES;
			};
			name = Release;
		};
		F89CF13C2227DAFC0058CF09 /* Debug */ = {
			isa = XCBuildConfiguration;
			buildSettings = {
				ASSETCATALOG_COMPILER_APPICON_NAME = AppIcon;
				CODE_SIGN_STYLE = Automatic;
				DEVELOPMENT_TEAM = 8TJ9GDFV36;
				INFOPLIST_FILE = HKTabBarDemo/Info.plist;
				LD_RUNPATH_SEARCH_PATHS = (
					"$(inherited)",
					"@executable_path/Frameworks",
				);
				PRODUCT_BUNDLE_IDENTIFIER = Heikki.com.HKTabBarDemo;
				PRODUCT_NAME = "$(TARGET_NAME)";
				SWIFT_VERSION = 4.0;
				TARGETED_DEVICE_FAMILY = "1,2";
			};
			name = Debug;
		};
		F89CF13D2227DAFC0058CF09 /* Release */ = {
			isa = XCBuildConfiguration;
			buildSettings = {
				ASSETCATALOG_COMPILER_APPICON_NAME = AppIcon;
				CODE_SIGN_STYLE = Automatic;
				DEVELOPMENT_TEAM = 8TJ9GDFV36;
				INFOPLIST_FILE = HKTabBarDemo/Info.plist;
				LD_RUNPATH_SEARCH_PATHS = (
					"$(inherited)",
					"@executable_path/Frameworks",
				);
				PRODUCT_BUNDLE_IDENTIFIER = Heikki.com.HKTabBarDemo;
				PRODUCT_NAME = "$(TARGET_NAME)";
				SWIFT_VERSION = 4.0;
				TARGETED_DEVICE_FAMILY = "1,2";
			};
			name = Release;
		};
/* End XCBuildConfiguration section */

/* Begin XCConfigurationList section */
		F89CF1242227DAFB0058CF09 /* Build configuration list for PBXProject "HKTabBarDemo" */ = {
			isa = XCConfigurationList;
			buildConfigurations = (
				F89CF1392227DAFC0058CF09 /* Debug */,
				F89CF13A2227DAFC0058CF09 /* Release */,
			);
			defaultConfigurationIsVisible = 0;
			defaultConfigurationName = Release;
		};
		F89CF13B2227DAFC0058CF09 /* Build configuration list for PBXNativeTarget "HKTabBarDemo" */ = {
			isa = XCConfigurationList;
			buildConfigurations = (
				F89CF13C2227DAFC0058CF09 /* Debug */,
				F89CF13D2227DAFC0058CF09 /* Release */,
			);
			defaultConfigurationIsVisible = 0;
			defaultConfigurationName = Release;
		};
/* End XCConfigurationList section */
	};
	rootObject = F89CF1212227DAFB0058CF09 /* Project object */;
}
